
Microsoft Visual Studio Solution File, Format Version 12.00
# Visual Studio Version 17
VisualStudioVersion = 17.2.32630.192
MinimumVisualStudioVersion = 10.0.40219.1
Project("{9A19103F-16F7-4668-BE54-9A1E7A4F7556}") = "RestaurantSideApplication", "RestaurantSideApplication\RestaurantSideApplication.csproj", "{B1E40544-8BDE-4359-BA72-C5615C6A1E51}"
EndProject
Project("{2150E333-8FDC-42A3-9474-1A3956D46DE8}") = "Solution items", "Solution items", "{C3623F52-1770-4822-8BCA-90B15A680D27}"
	ProjectSection(SolutionItems) = preProject
		buildspec.yml = buildspec.yml
		Procfile = Procfile
	EndProjectSection
EndProject
Global
	GlobalSection(SolutionConfigurationPlatforms) = preSolution
		Debug|Any CPU = Debug|Any CPU
		Release|Any CPU = Release|Any CPU
	EndGlobalSection
	GlobalSection(ProjectConfigurationPlatforms) = postSolution
		{B1E40544-8BDE-4359-BA72-C5615C6A1E51}.Debug|Any CPU.ActiveCfg = Debug|Any CPU
		{B1E40544-8BDE-4359-BA72-C5615C6A1E51}.Debug|Any CPU.Build.0 = Debug|Any CPU
		{B1E40544-8BDE-4359-BA72-C5615C6A1E51}.Release|Any CPU.ActiveCfg = Release|Any CPU
		{B1E40544-8BDE-4359-BA72-C5615C6A1E51}.Release|Any CPU.Build.0 = Release|Any CPU
	EndGlobalSection
	GlobalSection(SolutionProperties) = preSolution
		HideSolutionNode = FALSE
	EndGlobalSection
	GlobalSection(ExtensibilityGlobals) = postSolution
		SolutionGuid = {4D3CBE39-473E-488B-A6CC-D0DBE2ACE5D3}
	EndGlobalSection
EndGlobal
